
Microsoft Visual Studio Solution File, Format Version 12.00
# Visual Studio 15
VisualStudioVersion = 15.0.28307.539
MinimumVisualStudioVersion = 10.0.40219.1
Project("{FAE04EC0-301F-11D3-BF4B-00C04F79EFBC}") = "3DESEncrpytion-Decryption", "3DESEncrpytion-Decryption\3DESEncrpytion-Decryption.csproj", "{EE91A8AF-6291-4EA6-9DDD-17F5D4F04608}"
EndProject
Global
	GlobalSection(SolutionConfigurationPlatforms) = preSolution
		Debug|Any CPU = Debug|Any CPU
		Release|Any CPU = Release|Any CPU
	EndGlobalSection
	GlobalSection(ProjectConfigurationPlatforms) = postSolution
		{EE91A8AF-6291-4EA6-9DDD-17F5D4F04608}.Debug|Any CPU.ActiveCfg = Debug|Any CPU
		{EE91A8AF-6291-4EA6-9DDD-17F5D4F04608}.Debug|Any CPU.Build.0 = Debug|Any CPU
		{EE91A8AF-6291-4EA6-9DDD-17F5D4F04608}.Release|Any CPU.ActiveCfg = Release|Any CPU
		{EE91A8AF-6291-4EA6-9DDD-17F5D4F04608}.Release|Any CPU.Build.0 = Release|Any CPU
	EndGlobalSection
	GlobalSection(SolutionProperties) = preSolution
		HideSolutionNode = FALSE
	EndGlobalSection
	GlobalSection(ExtensibilityGlobals) = postSolution
		SolutionGuid = {4129EB46-5498-4E85-84E3-73F0BB69D3A9}
	EndGlobalSection
EndGlobal
